
Microsoft Visual Studio Solution File, Format Version 12.00
# Visual Studio Version 17
VisualStudioVersion = 17.8.34330.188
MinimumVisualStudioVersion = 10.0.40219.1
Project("{FAE04EC0-301F-11D3-BF4B-00C04F79EFBC}") = "Pdf_Converter_RabbitMQ", "Pdf_Converter_RabbitMQ\Pdf_Converter_RabbitMQ.csproj", "{B93CAC88-A55E-4A79-8353-D86CD7141E87}"
EndProject
Global
	GlobalSection(SolutionConfigurationPlatforms) = preSolution
		Debug|Any CPU = Debug|Any CPU
		Release|Any CPU = Release|Any CPU
	EndGlobalSection
	GlobalSection(ProjectConfigurationPlatforms) = postSolution
		{B93CAC88-A55E-4A79-8353-D86CD7141E87}.Debug|Any CPU.ActiveCfg = Debug|Any CPU
		{B93CAC88-A55E-4A79-8353-D86CD7141E87}.Debug|Any CPU.Build.0 = Debug|Any CPU
		{B93CAC88-A55E-4A79-8353-D86CD7141E87}.Release|Any CPU.ActiveCfg = Release|Any CPU
		{B93CAC88-A55E-4A79-8353-D86CD7141E87}.Release|Any CPU.Build.0 = Release|Any CPU
	EndGlobalSection
	GlobalSection(SolutionProperties) = preSolution
		HideSolutionNode = FALSE
	EndGlobalSection
	GlobalSection(ExtensibilityGlobals) = postSolution
		SolutionGuid = {E8C1868F-310E-45A5-9299-32887FC4AC27}
	EndGlobalSection
EndGlobal
